
Microsoft Visual Studio Solution File, Format Version 12.00
# Visual Studio 15
VisualStudioVersion = 15.0.27703.2042
MinimumVisualStudioVersion = 10.0.40219.1
Project("{FAE04EC0-301F-11D3-BF4B-00C04F79EFBC}") = "git_test", "git_test\git_test.csproj", "{432B3335-BAF1-4686-8362-ACB63162F7E3}"
EndProject
Global
	GlobalSection(SolutionConfigurationPlatforms) = preSolution
		Debug|Any CPU = Debug|Any CPU
		Release|Any CPU = Release|Any CPU
	EndGlobalSection
	GlobalSection(ProjectConfigurationPlatforms) = postSolution
		{432B3335-BAF1-4686-8362-ACB63162F7E3}.Debug|Any CPU.ActiveCfg = Debug|Any CPU
		{432B3335-BAF1-4686-8362-ACB63162F7E3}.Debug|Any CPU.Build.0 = Debug|Any CPU
		{432B3335-BAF1-4686-8362-ACB63162F7E3}.Release|Any CPU.ActiveCfg = Release|Any CPU
		{432B3335-BAF1-4686-8362-ACB63162F7E3}.Release|Any CPU.Build.0 = Release|Any CPU
	EndGlobalSection
	GlobalSection(SolutionProperties) = preSolution
		HideSolutionNode = FALSE
	EndGlobalSection
	GlobalSection(ExtensibilityGlobals) = postSolution
		SolutionGuid = {4C574719-6A46-4371-9D6F-87E2DFF60369}
	EndGlobalSection
EndGlobal
